{
  "name": "procedural",
  "version": "1.0.0",
  "lockfileVersion": 2,
  "requires": true,
  "packages": {
    "": {
      "version": "1.0.0",
      "license": "ISC",
      "dependencies": {
        "procedural-gl": "^1.0.8"
      }
    },
    "node_modules/procedural-gl": {
      "version": "1.0.8",
      "resolved": "https://registry.npmjs.org/procedural-gl/-/procedural-gl-1.0.8.tgz",
      "integrity": "sha512-KxWOuLktRu83SaEH4PY3kAt+3kf6iZQViyxcIBUhGHhQpe9MARIqCEZXVZ4sNxT8JN8/paJdy1uDyPBE6pVYPg=="
    }
  },
  "dependencies": {
    "procedural-gl": {
      "version": "1.0.8",
      "resolved": "https://registry.npmjs.org/procedural-gl/-/procedural-gl-1.0.8.tgz",
      "integrity": "sha512-KxWOuLktRu83SaEH4PY3kAt+3kf6iZQViyxcIBUhGHhQpe9MARIqCEZXVZ4sNxT8JN8/paJdy1uDyPBE6pVYPg=="
    }
  }
}
